// !$*UTF8*$!
{
	archiveVersion = 1;
	classes = {
	};
	objectVersion = 56;
	objects = {

/* Begin PBXBuildFile section */
		2C370D0C29233CCA006E5830 /* ImageViewModel.swift in Sources */ = {isa = PBXBuildFile; fileRef = 2C370D0B29233CCA006E5830 /* ImageViewModel.swift */; };
		2C8DE511291CE27B0004720C /* Image.swift in Sources */ = {isa = PBXBuildFile; fileRef = 2C8DE510291CE27B0004720C /* Image.swift */; };
		2C8DE514291CE4FC0004720C /* NetworkManager.swift in Sources */ = {isa = PBXBuildFile; fileRef = 2C8DE513291CE4FC0004720C /* NetworkManager.swift */; };
		2CDAB99A2921FF3100ED9A12 /* Configuration.swift in Sources */ = {isa = PBXBuildFile; fileRef = 2CDAB9992921FF3100ED9A12 /* Configuration.swift */; };
		2CDAB99F2922405800ED9A12 /* ImageDataViewModel.swift in Sources */ = {isa = PBXBuildFile; fileRef = 2CDAB99E2922405800ED9A12 /* ImageDataViewModel.swift */; };
		2CE2028A291CA6A10059F5BA /* AppDelegate.swift in Sources */ = {isa = PBXBuildFile; fileRef = 2CE20289291CA6A10059F5BA /* AppDelegate.swift */; };
		2CE2028C291CA6A10059F5BA /* SceneDelegate.swift in Sources */ = {isa = PBXBuildFile; fileRef = 2CE2028B291CA6A10059F5BA /* SceneDelegate.swift */; };
		2CE2028E291CA6A10059F5BA /* ImageViewController.swift in Sources */ = {isa = PBXBuildFile; fileRef = 2CE2028D291CA6A10059F5BA /* ImageViewController.swift */; };
		2CE20291291CA6A10059F5BA /* Main.storyboard in Resources */ = {isa = PBXBuildFile; fileRef = 2CE2028F291CA6A10059F5BA /* Main.storyboard */; };
		2CE20296291CA6A20059F5BA /* LaunchScreen.storyboard in Resources */ = {isa = PBXBuildFile; fileRef = 2CE20294291CA6A20059F5BA /* LaunchScreen.storyboard */; };
		2CE202A1291CA6A30059F5BA /* Interesnee_iOSTests.swift in Sources */ = {isa = PBXBuildFile; fileRef = 2CE202A0291CA6A30059F5BA /* Interesnee_iOSTests.swift */; };
		2CE202AB291CA6A30059F5BA /* Interesnee_iOSUITests.swift in Sources */ = {isa = PBXBuildFile; fileRef = 2CE202AA291CA6A30059F5BA /* Interesnee_iOSUITests.swift */; };
		2CE202AD291CA6A30059F5BA /* Interesnee_iOSUITestsLaunchTests.swift in Sources */ = {isa = PBXBuildFile; fileRef = 2CE202AC291CA6A30059F5BA /* Interesnee_iOSUITestsLaunchTests.swift */; };
		2CE202BF291CB4880059F5BA /* MainViewCollectionViewCell.swift in Sources */ = {isa = PBXBuildFile; fileRef = 2CE202BE291CB4880059F5BA /* MainViewCollectionViewCell.swift */; };
		2CE202C5291CC38F0059F5BA /* Assets.xcassets in Resources */ = {isa = PBXBuildFile; fileRef = 2CE202C4291CC38F0059F5BA /* Assets.xcassets */; };
		2CE202C8291CC4770059F5BA /* DetailImageViewController.swift in Sources */ = {isa = PBXBuildFile; fileRef = 2CE202C7291CC4770059F5BA /* DetailImageViewController.swift */; };
		2CE202CB291CCB1B0059F5BA /* WebSourceViewController.swift in Sources */ = {isa = PBXBuildFile; fileRef = 2CE202CA291CCB1B0059F5BA /* WebSourceViewController.swift */; };
		33A0707ACF57555E363C1D1A /* Pods_Interesnee_iOS.framework in Frameworks */ = {isa = PBXBuildFile; fileRef = F4870DB2C89C90F2C84510A2 /* Pods_Interesnee_iOS.framework */; };
		7BB301A4738AE6E509FC054B /* Pods_Interesnee_iOSTests.framework in Frameworks */ = {isa = PBXBuildFile; fileRef = 8DB924F73AB714FF305AF757 /* Pods_Interesnee_iOSTests.framework */; };
		F5C1EBFC601F07122E7F2E5F /* Pods_Interesnee_iOS_Interesnee_iOSUITests.framework in Frameworks */ = {isa = PBXBuildFile; fileRef = 4D1E896F0590357C3DD7B05F /* Pods_Interesnee_iOS_Interesnee_iOSUITests.framework */; };
/* End PBXBuildFile section */

/* Begin PBXContainerItemProxy section */
		2CE2029D291CA6A30059F5BA /* PBXContainerItemProxy */ = {
			isa = PBXContainerItemProxy;
			containerPortal = 2CE2027E291CA6A10059F5BA /* Project object */;
			proxyType = 1;
			remoteGlobalIDString = 2CE20285291CA6A10059F5BA;
			remoteInfo = "Interesnee-iOS";
		};
		2CE202A7291CA6A30059F5BA /* PBXContainerItemProxy */ = {
			isa = PBXContainerItemProxy;
			containerPortal = 2CE2027E291CA6A10059F5BA /* Project object */;
			proxyType = 1;
			remoteGlobalIDString = 2CE20285291CA6A10059F5BA;
			remoteInfo = "Interesnee-iOS";
		};
/* End PBXContainerItemProxy section */

/* Begin PBXFileReference section */
		2C370D0B29233CCA006E5830 /* ImageViewModel.swift */ = {isa = PBXFileReference; lastKnownFileType = sourcecode.swift; path = ImageViewModel.swift; sourceTree = "<group>"; };
		2C8DE510291CE27B0004720C /* Image.swift */ = {isa = PBXFileReference; lastKnownFileType = sourcecode.swift; path = Image.swift; sourceTree = "<group>"; };
		2C8DE513291CE4FC0004720C /* NetworkManager.swift */ = {isa = PBXFileReference; lastKnownFileType = sourcecode.swift; path = NetworkManager.swift; sourceTree = "<group>"; };
		2CDAB9992921FF3100ED9A12 /* Configuration.swift */ = {isa = PBXFileReference; lastKnownFileType = sourcecode.swift; path = Configuration.swift; sourceTree = "<group>"; };
		2CDAB99E2922405800ED9A12 /* ImageDataViewModel.swift */ = {isa = PBXFileReference; lastKnownFileType = sourcecode.swift; path = ImageDataViewModel.swift; sourceTree = "<group>"; };
		2CE20286291CA6A10059F5BA /* Interesnee-iOS.app */ = {isa = PBXFileReference; explicitFileType = wrapper.application; includeInIndex = 0; path = "Interesnee-iOS.app"; sourceTree = BUILT_PRODUCTS_DIR; };
		2CE20289291CA6A10059F5BA /* AppDelegate.swift */ = {isa = PBXFileReference; lastKnownFileType = sourcecode.swift; path = AppDelegate.swift; sourceTree = "<group>"; };
		2CE2028B291CA6A10059F5BA /* SceneDelegate.swift */ = {isa = PBXFileReference; lastKnownFileType = sourcecode.swift; path = SceneDelegate.swift; sourceTree = "<group>"; };
		2CE2028D291CA6A10059F5BA /* ImageViewController.swift */ = {isa = PBXFileReference; lastKnownFileType = sourcecode.swift; path = ImageViewController.swift; sourceTree = "<group>"; };
		2CE20290291CA6A10059F5BA /* Base */ = {isa = PBXFileReference; lastKnownFileType = file.storyboard; name = Base; path = Base.lproj/Main.storyboard; sourceTree = "<group>"; };
		2CE20295291CA6A20059F5BA /* Base */ = {isa = PBXFileReference; lastKnownFileType = file.storyboard; name = Base; path = Base.lproj/LaunchScreen.storyboard; sourceTree = "<group>"; };
		2CE20297291CA6A20059F5BA /* Info.plist */ = {isa = PBXFileReference; lastKnownFileType = text.plist.xml; path = Info.plist; sourceTree = "<group>"; };
		2CE2029C291CA6A30059F5BA /* Interesnee-iOSTests.xctest */ = {isa = PBXFileReference; explicitFileType = wrapper.cfbundle; includeInIndex = 0; path = "Interesnee-iOSTests.xctest"; sourceTree = BUILT_PRODUCTS_DIR; };
		2CE202A0291CA6A30059F5BA /* Interesnee_iOSTests.swift */ = {isa = PBXFileReference; lastKnownFileType = sourcecode.swift; path = Interesnee_iOSTests.swift; sourceTree = "<group>"; };
		2CE202A6291CA6A30059F5BA /* Interesnee-iOSUITests.xctest */ = {isa = PBXFileReference; explicitFileType = wrapper.cfbundle; includeInIndex = 0; path = "Interesnee-iOSUITests.xctest"; sourceTree = BUILT_PRODUCTS_DIR; };
		2CE202AA291CA6A30059F5BA /* Interesnee_iOSUITests.swift */ = {isa = PBXFileReference; lastKnownFileType = sourcecode.swift; path = Interesnee_iOSUITests.swift; sourceTree = "<group>"; };
		2CE202AC291CA6A30059F5BA /* Interesnee_iOSUITestsLaunchTests.swift */ = {isa = PBXFileReference; lastKnownFileType = sourcecode.swift; path = Interesnee_iOSUITestsLaunchTests.swift; sourceTree = "<group>"; };
		2CE202BE291CB4880059F5BA /* MainViewCollectionViewCell.swift */ = {isa = PBXFileReference; lastKnownFileType = sourcecode.swift; path = MainViewCollectionViewCell.swift; sourceTree = "<group>"; };
		2CE202C4291CC38F0059F5BA /* Assets.xcassets */ = {isa = PBXFileReference; lastKnownFileType = folder.assetcatalog; name = Assets.xcassets; path = ../../Assets.xcassets; sourceTree = "<group>"; };
		2CE202C7291CC4770059F5BA /* DetailImageViewController.swift */ = {isa = PBXFileReference; lastKnownFileType = sourcecode.swift; path = DetailImageViewController.swift; sourceTree = "<group>"; };
		2CE202CA291CCB1B0059F5BA /* WebSourceViewController.swift */ = {isa = PBXFileReference; lastKnownFileType = sourcecode.swift; path = WebSourceViewController.swift; sourceTree = "<group>"; };
		4B2A1168A46D34ED92751D0C /* Pods-Interesnee-iOSTests.release.xcconfig */ = {isa = PBXFileReference; includeInIndex = 1; lastKnownFileType = text.xcconfig; name = "Pods-Interesnee-iOSTests.release.xcconfig"; path = "Target Support Files/Pods-Interesnee-iOSTests/Pods-Interesnee-iOSTests.release.xcconfig"; sourceTree = "<group>"; };
		4D1E896F0590357C3DD7B05F /* Pods_Interesnee_iOS_Interesnee_iOSUITests.framework */ = {isa = PBXFileReference; explicitFileType = wrapper.framework; includeInIndex = 0; path = Pods_Interesnee_iOS_Interesnee_iOSUITests.framework; sourceTree = BUILT_PRODUCTS_DIR; };
		8DB924F73AB714FF305AF757 /* Pods_Interesnee_iOSTests.framework */ = {isa = PBXFileReference; explicitFileType = wrapper.framework; includeInIndex = 0; path = Pods_Interesnee_iOSTests.framework; sourceTree = BUILT_PRODUCTS_DIR; };
		B37E33DA7FE687EBE86BB4DC /* Pods-Interesnee-iOS-Interesnee-iOSUITests.release.xcconfig */ = {isa = PBXFileReference; includeInIndex = 1; lastKnownFileType = text.xcconfig; name = "Pods-Interesnee-iOS-Interesnee-iOSUITests.release.xcconfig"; path = "Target Support Files/Pods-Interesnee-iOS-Interesnee-iOSUITests/Pods-Interesnee-iOS-Interesnee-iOSUITests.release.xcconfig"; sourceTree = "<group>"; };
		C264F15309816C45A8F21C0B /* Pods-Interesnee-iOS.release.xcconfig */ = {isa = PBXFileReference; includeInIndex = 1; lastKnownFileType = text.xcconfig; name = "Pods-Interesnee-iOS.release.xcconfig"; path = "Target Support Files/Pods-Interesnee-iOS/Pods-Interesnee-iOS.release.xcconfig"; sourceTree = "<group>"; };
		D6924907FF69B2D4FB934A64 /* Pods-Interesnee-iOS-Interesnee-iOSUITests.debug.xcconfig */ = {isa = PBXFileReference; includeInIndex = 1; lastKnownFileType = text.xcconfig; name = "Pods-Interesnee-iOS-Interesnee-iOSUITests.debug.xcconfig"; path = "Target Support Files/Pods-Interesnee-iOS-Interesnee-iOSUITests/Pods-Interesnee-iOS-Interesnee-iOSUITests.debug.xcconfig"; sourceTree = "<group>"; };
		D8DEF228B13C724B701E5228 /* Pods-Interesnee-iOS.debug.xcconfig */ = {isa = PBXFileReference; includeInIndex = 1; lastKnownFileType = text.xcconfig; name = "Pods-Interesnee-iOS.debug.xcconfig"; path = "Target Support Files/Pods-Interesnee-iOS/Pods-Interesnee-iOS.debug.xcconfig"; sourceTree = "<group>"; };
		F4260228C100E96EA1807FAE /* Pods-Interesnee-iOSTests.debug.xcconfig */ = {isa = PBXFileReference; includeInIndex = 1; lastKnownFileType = text.xcconfig; name = "Pods-Interesnee-iOSTests.debug.xcconfig"; path = "Target Support Files/Pods-Interesnee-iOSTests/Pods-Interesnee-iOSTests.debug.xcconfig"; sourceTree = "<group>"; };
		F4870DB2C89C90F2C84510A2 /* Pods_Interesnee_iOS.framework */ = {isa = PBXFileReference; explicitFileType = wrapper.framework; includeInIndex = 0; path = Pods_Interesnee_iOS.framework; sourceTree = BUILT_PRODUCTS_DIR; };
/* End PBXFileReference section */

/* Begin PBXFrameworksBuildPhase section */
		2CE20283291CA6A10059F5BA /* Frameworks */ = {
			isa = PBXFrameworksBuildPhase;
			buildActionMask = 2147483647;
			files = (
				33A0707ACF57555E363C1D1A /* Pods_Interesnee_iOS.framework in Frameworks */,
			);
			runOnlyForDeploymentPostprocessing = 0;
		};
		2CE20299291CA6A30059F5BA /* Frameworks */ = {
			isa = PBXFrameworksBuildPhase;
			buildActionMask = 2147483647;
			files = (
				7BB301A4738AE6E509FC054B /* Pods_Interesnee_iOSTests.framework in Frameworks */,
			);
			runOnlyForDeploymentPostprocessing = 0;
		};
		2CE202A3291CA6A30059F5BA /* Frameworks */ = {
			isa = PBXFrameworksBuildPhase;
			buildActionMask = 2147483647;
			files = (
				F5C1EBFC601F07122E7F2E5F /* Pods_Interesnee_iOS_Interesnee_iOSUITests.framework in Frameworks */,
			);
			runOnlyForDeploymentPostprocessing = 0;
		};
/* End PBXFrameworksBuildPhase section */

/* Begin PBXGroup section */
		2C8DE50F291CE1930004720C /* Models */ = {
			isa = PBXGroup;
			children = (
				2C8DE510291CE27B0004720C /* Image.swift */,
			);
			path = Models;
			sourceTree = "<group>";
		};
		2C8DE512291CE4E60004720C /* Service */ = {
			isa = PBXGroup;
			children = (
				2C8DE513291CE4FC0004720C /* NetworkManager.swift */,
				2CDAB9992921FF3100ED9A12 /* Configuration.swift */,
			);
			path = Service;
			sourceTree = "<group>";
		};
		2CDAB99D29223FE400ED9A12 /* View Models */ = {
			isa = PBXGroup;
			children = (
				2CDAB99E2922405800ED9A12 /* ImageDataViewModel.swift */,
				2C370D0B29233CCA006E5830 /* ImageViewModel.swift */,
			);
			path = "View Models";
			sourceTree = "<group>";
		};
		2CE2027D291CA6A10059F5BA = {
			isa = PBXGroup;
			children = (
				2CE20288291CA6A10059F5BA /* Interesnee-iOS */,
				2CE2029F291CA6A30059F5BA /* Interesnee-iOSTests */,
				2CE202A9291CA6A30059F5BA /* Interesnee-iOSUITests */,
				2CE20287291CA6A10059F5BA /* Products */,
				E2300BE1758CE7A8ADE95041 /* Pods */,
				48957BF701452F4C1DA045FB /* Frameworks */,
			);
			sourceTree = "<group>";
		};
		2CE20287291CA6A10059F5BA /* Products */ = {
			isa = PBXGroup;
			children = (
				2CE20286291CA6A10059F5BA /* Interesnee-iOS.app */,
				2CE2029C291CA6A30059F5BA /* Interesnee-iOSTests.xctest */,
				2CE202A6291CA6A30059F5BA /* Interesnee-iOSUITests.xctest */,
			);
			name = Products;
			sourceTree = "<group>";
		};
		2CE20288291CA6A10059F5BA /* Interesnee-iOS */ = {
			isa = PBXGroup;
			children = (
				2CE202B9291CA6D90059F5BA /* App */,
				2CE202BC291CAB6B0059F5BA /* Controllers */,
				2C8DE50F291CE1930004720C /* Models */,
				2C8DE512291CE4E60004720C /* Service */,
				2CE202BB291CAB3D0059F5BA /* Storyboards */,
				2CE202BA291CA6EE0059F5BA /* Supporting Files */,
				2CE20297291CA6A20059F5BA /* Info.plist */,
			);
			path = "Interesnee-iOS";
			sourceTree = "<group>";
		};
		2CE2029F291CA6A30059F5BA /* Interesnee-iOSTests */ = {
			isa = PBXGroup;
			children = (
				2CE202A0291CA6A30059F5BA /* Interesnee_iOSTests.swift */,
			);
			path = "Interesnee-iOSTests";
			sourceTree = "<group>";
		};
		2CE202A9291CA6A30059F5BA /* Interesnee-iOSUITests */ = {
			isa = PBXGroup;
			children = (
				2CE202AA291CA6A30059F5BA /* Interesnee_iOSUITests.swift */,
				2CE202AC291CA6A30059F5BA /* Interesnee_iOSUITestsLaunchTests.swift */,
			);
			path = "Interesnee-iOSUITests";
			sourceTree = "<group>";
		};
		2CE202B9291CA6D90059F5BA /* App */ = {
			isa = PBXGroup;
			children = (
				2CE20289291CA6A10059F5BA /* AppDelegate.swift */,
				2CE2028B291CA6A10059F5BA /* SceneDelegate.swift */,
			);
			path = App;
			sourceTree = "<group>";
		};
		2CE202BA291CA6EE0059F5BA /* Supporting Files */ = {
			isa = PBXGroup;
			children = (
				2CE202C4291CC38F0059F5BA /* Assets.xcassets */,
			);
			path = "Supporting Files";
			sourceTree = "<group>";
		};
		2CE202BB291CAB3D0059F5BA /* Storyboards */ = {
			isa = PBXGroup;
			children = (
				2CE2028F291CA6A10059F5BA /* Main.storyboard */,
				2CE20294291CA6A20059F5BA /* LaunchScreen.storyboard */,
			);
			path = Storyboards;
			sourceTree = "<group>";
		};
		2CE202BC291CAB6B0059F5BA /* Controllers */ = {
			isa = PBXGroup;
			children = (
				2CE202BD291CB2D60059F5BA /* Main View Controller */,
				2CE202C6291CC44A0059F5BA /* Detail View Controller */,
				2CE202C9291CCAEF0059F5BA /* WebSourceViewController */,
			);
			path = Controllers;
			sourceTree = "<group>";
		};
		2CE202BD291CB2D60059F5BA /* Main View Controller */ = {
			isa = PBXGroup;
			children = (
				2CE2028D291CA6A10059F5BA /* ImageViewController.swift */,
				2CDAB99D29223FE400ED9A12 /* View Models */,
				2CE202C0291CB48B0059F5BA /* Cells */,
			);
			path = "Main View Controller";
			sourceTree = "<group>";
		};
		2CE202C0291CB48B0059F5BA /* Cells */ = {
			isa = PBXGroup;
			children = (
				2CE202BE291CB4880059F5BA /* MainViewCollectionViewCell.swift */,
			);
			path = Cells;
			sourceTree = "<group>";
		};
		2CE202C6291CC44A0059F5BA /* Detail View Controller */ = {
			isa = PBXGroup;
			children = (
				2CE202C7291CC4770059F5BA /* DetailImageViewController.swift */,
			);
			path = "Detail View Controller";
			sourceTree = "<group>";
		};
		2CE202C9291CCAEF0059F5BA /* WebSourceViewController */ = {
			isa = PBXGroup;
			children = (
				2CE202CA291CCB1B0059F5BA /* WebSourceViewController.swift */,
			);
			path = WebSourceViewController;
			sourceTree = "<group>";
		};
		48957BF701452F4C1DA045FB /* Frameworks */ = {
			isa = PBXGroup;
			children = (
				F4870DB2C89C90F2C84510A2 /* Pods_Interesnee_iOS.framework */,
				4D1E896F0590357C3DD7B05F /* Pods_Interesnee_iOS_Interesnee_iOSUITests.framework */,
				8DB924F73AB714FF305AF757 /* Pods_Interesnee_iOSTests.framework */,
			);
			name = Frameworks;
			sourceTree = "<group>";
		};
		E2300BE1758CE7A8ADE95041 /* Pods */ = {
			isa = PBXGroup;
			children = (
				D8DEF228B13C724B701E5228 /* Pods-Interesnee-iOS.debug.xcconfig */,
				C264F15309816C45A8F21C0B /* Pods-Interesnee-iOS.release.xcconfig */,
				D6924907FF69B2D4FB934A64 /* Pods-Interesnee-iOS-Interesnee-iOSUITests.debug.xcconfig */,
				B37E33DA7FE687EBE86BB4DC /* Pods-Interesnee-iOS-Interesnee-iOSUITests.release.xcconfig */,
				F4260228C100E96EA1807FAE /* Pods-Interesnee-iOSTests.debug.xcconfig */,
				4B2A1168A46D34ED92751D0C /* Pods-Interesnee-iOSTests.release.xcconfig */,
			);
			path = Pods;
			sourceTree = "<group>";
		};
/* End PBXGroup section */

/* Begin PBXNativeTarget section */
		2CE20285291CA6A10059F5BA /* Interesnee-iOS */ = {
			isa = PBXNativeTarget;
			buildConfigurationList = 2CE202B0291CA6A30059F5BA /* Build configuration list for PBXNativeTarget "Interesnee-iOS" */;
			buildPhases = (
				E110493C7DB1D8EEA01AA68D /* [CP] Check Pods Manifest.lock */,
				2CE20282291CA6A10059F5BA /* Sources */,
				2CE20283291CA6A10059F5BA /* Frameworks */,
				2CE20284291CA6A10059F5BA /* Resources */,
				3296833975D9C36727A3280A /* [CP] Embed Pods Frameworks */,
			);
			buildRules = (
			);
			dependencies = (
			);
			name = "Interesnee-iOS";
			productName = "Interesnee-iOS";
			productReference = 2CE20286291CA6A10059F5BA /* Interesnee-iOS.app */;
			productType = "com.apple.product-type.application";
		};
		2CE2029B291CA6A30059F5BA /* Interesnee-iOSTests */ = {
			isa = PBXNativeTarget;
			buildConfigurationList = 2CE202B3291CA6A30059F5BA /* Build configuration list for PBXNativeTarget "Interesnee-iOSTests" */;
			buildPhases = (
				865876D538B3B0BBF9D3887B /* [CP] Check Pods Manifest.lock */,
				2CE20298291CA6A30059F5BA /* Sources */,
				2CE20299291CA6A30059F5BA /* Frameworks */,
				2CE2029A291CA6A30059F5BA /* Resources */,
			);
			buildRules = (
			);
			dependencies = (
				2CE2029E291CA6A30059F5BA /* PBXTargetDependency */,
			);
			name = "Interesnee-iOSTests";
			productName = "Interesnee-iOSTests";
			productReference = 2CE2029C291CA6A30059F5BA /* Interesnee-iOSTests.xctest */;
			productType = "com.apple.product-type.bundle.unit-test";
		};
		2CE202A5291CA6A30059F5BA /* Interesnee-iOSUITests */ = {
			isa = PBXNativeTarget;
			buildConfigurationList = 2CE202B6291CA6A30059F5BA /* Build configuration list for PBXNativeTarget "Interesnee-iOSUITests" */;
			buildPhases = (
				26BB7E077E3E757F3766CD37 /* [CP] Check Pods Manifest.lock */,
				2CE202A2291CA6A30059F5BA /* Sources */,
				2CE202A3291CA6A30059F5BA /* Frameworks */,
				2CE202A4291CA6A30059F5BA /* Resources */,
				EFC9990630F17EB35CA83DD6 /* [CP] Embed Pods Frameworks */,
			);
			buildRules = (
			);
			dependencies = (
				2CE202A8291CA6A30059F5BA /* PBXTargetDependency */,
			);
			name = "Interesnee-iOSUITests";
			productName = "Interesnee-iOSUITests";
			productReference = 2CE202A6291CA6A30059F5BA /* Interesnee-iOSUITests.xctest */;
			productType = "com.apple.product-type.bundle.ui-testing";
		};
/* End PBXNativeTarget section */

/* Begin PBXProject section */
		2CE2027E291CA6A10059F5BA /* Project object */ = {
			isa = PBXProject;
			attributes = {
				BuildIndependentTargetsInParallel = 1;
				LastSwiftUpdateCheck = 1400;
				LastUpgradeCheck = 1400;
				TargetAttributes = {
					2CE20285291CA6A10059F5BA = {
						CreatedOnToolsVersion = 14.0.1;
					};
					2CE2029B291CA6A30059F5BA = {
						CreatedOnToolsVersion = 14.0.1;
						TestTargetID = 2CE20285291CA6A10059F5BA;
					};
					2CE202A5291CA6A30059F5BA = {
						CreatedOnToolsVersion = 14.0.1;
						TestTargetID = 2CE20285291CA6A10059F5BA;
					};
				};
			};
			buildConfigurationList = 2CE20281291CA6A10059F5BA /* Build configuration list for PBXProject "Interesnee-iOS" */;
			compatibilityVersion = "Xcode 14.0";
			developmentRegion = en;
			hasScannedForEncodings = 0;
			knownRegions = (
				en,
				Base,
			);
			mainGroup = 2CE2027D291CA6A10059F5BA;
			productRefGroup = 2CE20287291CA6A10059F5BA /* Products */;
			projectDirPath = "";
			projectRoot = "";
			targets = (
				2CE20285291CA6A10059F5BA /* Interesnee-iOS */,
				2CE2029B291CA6A30059F5BA /* Interesnee-iOSTests */,
				2CE202A5291CA6A30059F5BA /* Interesnee-iOSUITests */,
			);
		};
/* End PBXProject section */

/* Begin PBXResourcesBuildPhase section */
		2CE20284291CA6A10059F5BA /* Resources */ = {
			isa = PBXResourcesBuildPhase;
			buildActionMask = 2147483647;
			files = (
				2CE20296291CA6A20059F5BA /* LaunchScreen.storyboard in Resources */,
				2CE202C5291CC38F0059F5BA /* Assets.xcassets in Resources */,
				2CE20291291CA6A10059F5BA /* Main.storyboard in Resources */,
			);
			runOnlyForDeploymentPostprocessing = 0;
		};
		2CE2029A291CA6A30059F5BA /* Resources */ = {
			isa = PBXResourcesBuildPhase;
			buildActionMask = 2147483647;
			files = (
			);
			runOnlyForDeploymentPostprocessing = 0;
		};
		2CE202A4291CA6A30059F5BA /* Resources */ = {
			isa = PBXResourcesBuildPhase;
			buildActionMask = 2147483647;
			files = (
			);
			runOnlyForDeploymentPostprocessing = 0;
		};
/* End PBXResourcesBuildPhase section */

/* Begin PBXShellScriptBuildPhase section */
		26BB7E077E3E757F3766CD37 /* [CP] Check Pods Manifest.lock */ = {
			isa = PBXShellScriptBuildPhase;
			buildActionMask = 2147483647;
			files = (
			);
			inputFileListPaths = (
			);
			inputPaths = (
				"${PODS_PODFILE_DIR_PATH}/Podfile.lock",
				"${PODS_ROOT}/Manifest.lock",
			);
			name = "[CP] Check Pods Manifest.lock";
			outputFileListPaths = (
			);
			outputPaths = (
				"$(DERIVED_FILE_DIR)/Pods-Interesnee-iOS-Interesnee-iOSUITests-checkManifestLockResult.txt",
			);
			runOnlyForDeploymentPostprocessing = 0;
			shellPath = /bin/sh;
			shellScript = "diff \"${PODS_PODFILE_DIR_PATH}/Podfile.lock\" \"${PODS_ROOT}/Manifest.lock\" > /dev/null\nif [ $? != 0 ] ; then\n    # print error to STDERR\n    echo \"error: The sandbox is not in sync with the Podfile.lock. Run 'pod install' or update your CocoaPods installation.\" >&2\n    exit 1\nfi\n# This output is used by Xcode 'outputs' to avoid re-running this script phase.\necho \"SUCCESS\" > \"${SCRIPT_OUTPUT_FILE_0}\"\n";
			showEnvVarsInLog = 0;
		};
		3296833975D9C36727A3280A /* [CP] Embed Pods Frameworks */ = {
			isa = PBXShellScriptBuildPhase;
			buildActionMask = 2147483647;
			files = (
			);
			inputFileListPaths = (
				"${PODS_ROOT}/Target Support Files/Pods-Interesnee-iOS/Pods-Interesnee-iOS-frameworks-${CONFIGURATION}-input-files.xcfilelist",
			);
			name = "[CP] Embed Pods Frameworks";
			outputFileListPaths = (
				"${PODS_ROOT}/Target Support Files/Pods-Interesnee-iOS/Pods-Interesnee-iOS-frameworks-${CONFIGURATION}-output-files.xcfilelist",
			);
			runOnlyForDeploymentPostprocessing = 0;
			shellPath = /bin/sh;
			shellScript = "\"${PODS_ROOT}/Target Support Files/Pods-Interesnee-iOS/Pods-Interesnee-iOS-frameworks.sh\"\n";
			showEnvVarsInLog = 0;
		};
		865876D538B3B0BBF9D3887B /* [CP] Check Pods Manifest.lock */ = {
			isa = PBXShellScriptBuildPhase;
			buildActionMask = 2147483647;
			files = (
			);
			inputFileListPaths = (
			);
			inputPaths = (
				"${PODS_PODFILE_DIR_PATH}/Podfile.lock",
				"${PODS_ROOT}/Manifest.lock",
			);
			name = "[CP] Check Pods Manifest.lock";
			outputFileListPaths = (
			);
			outputPaths = (
				"$(DERIVED_FILE_DIR)/Pods-Interesnee-iOSTests-checkManifestLockResult.txt",
			);
			runOnlyForDeploymentPostprocessing = 0;
			shellPath = /bin/sh;
			shellScript = "diff \"${PODS_PODFILE_DIR_PATH}/Podfile.lock\" \"${PODS_ROOT}/Manifest.lock\" > /dev/null\nif [ $? != 0 ] ; then\n    # print error to STDERR\n    echo \"error: The sandbox is not in sync with the Podfile.lock. Run 'pod install' or update your CocoaPods installation.\" >&2\n    exit 1\nfi\n# This output is used by Xcode 'outputs' to avoid re-running this script phase.\necho \"SUCCESS\" > \"${SCRIPT_OUTPUT_FILE_0}\"\n";
			showEnvVarsInLog = 0;
		};
		E110493C7DB1D8EEA01AA68D /* [CP] Check Pods Manifest.lock */ = {
			isa = PBXShellScriptBuildPhase;
			buildActionMask = 2147483647;
			files = (
			);
			inputFileListPaths = (
			);
			inputPaths = (
				"${PODS_PODFILE_DIR_PATH}/Podfile.lock",
				"${PODS_ROOT}/Manifest.lock",
			);
			name = "[CP] Check Pods Manifest.lock";
			outputFileListPaths = (
			);
			outputPaths = (
				"$(DERIVED_FILE_DIR)/Pods-Interesnee-iOS-checkManifestLockResult.txt",
			);
			runOnlyForDeploymentPostprocessing = 0;
			shellPath = /bin/sh;
			shellScript = "diff \"${PODS_PODFILE_DIR_PATH}/Podfile.lock\" \"${PODS_ROOT}/Manifest.lock\" > /dev/null\nif [ $? != 0 ] ; then\n    # print error to STDERR\n    echo \"error: The sandbox is not in sync with the Podfile.lock. Run 'pod install' or update your CocoaPods installation.\" >&2\n    exit 1\nfi\n# This output is used by Xcode 'outputs' to avoid re-running this script phase.\necho \"SUCCESS\" > \"${SCRIPT_OUTPUT_FILE_0}\"\n";
			showEnvVarsInLog = 0;
		};
		EFC9990630F17EB35CA83DD6 /* [CP] Embed Pods Frameworks */ = {
			isa = PBXShellScriptBuildPhase;
			buildActionMask = 2147483647;
			files = (
			);
			inputFileListPaths = (
				"${PODS_ROOT}/Target Support Files/Pods-Interesnee-iOS-Interesnee-iOSUITests/Pods-Interesnee-iOS-Interesnee-iOSUITests-frameworks-${CONFIGURATION}-input-files.xcfilelist",
			);
			name = "[CP] Embed Pods Frameworks";
			outputFileListPaths = (
				"${PODS_ROOT}/Target Support Files/Pods-Interesnee-iOS-Interesnee-iOSUITests/Pods-Interesnee-iOS-Interesnee-iOSUITests-frameworks-${CONFIGURATION}-output-files.xcfilelist",
			);
			runOnlyForDeploymentPostprocessing = 0;
			shellPath = /bin/sh;
			shellScript = "\"${PODS_ROOT}/Target Support Files/Pods-Interesnee-iOS-Interesnee-iOSUITests/Pods-Interesnee-iOS-Interesnee-iOSUITests-frameworks.sh\"\n";
			showEnvVarsInLog = 0;
		};
/* End PBXShellScriptBuildPhase section */

/* Begin PBXSourcesBuildPhase section */
		2CE20282291CA6A10059F5BA /* Sources */ = {
			isa = PBXSourcesBuildPhase;
			buildActionMask = 2147483647;
			files = (
				2C8DE511291CE27B0004720C /* Image.swift in Sources */,
				2CE202BF291CB4880059F5BA /* MainViewCollectionViewCell.swift in Sources */,
				2CE2028E291CA6A10059F5BA /* ImageViewController.swift in Sources */,
				2CDAB99A2921FF3100ED9A12 /* Configuration.swift in Sources */,
				2C8DE514291CE4FC0004720C /* NetworkManager.swift in Sources */,
				2CE2028A291CA6A10059F5BA /* AppDelegate.swift in Sources */,
				2CDAB99F2922405800ED9A12 /* ImageDataViewModel.swift in Sources */,
				2CE2028C291CA6A10059F5BA /* SceneDelegate.swift in Sources */,
				2CE202CB291CCB1B0059F5BA /* WebSourceViewController.swift in Sources */,
				2C370D0C29233CCA006E5830 /* ImageViewModel.swift in Sources */,
				2CE202C8291CC4770059F5BA /* DetailImageViewController.swift in Sources */,
			);
			runOnlyForDeploymentPostprocessing = 0;
		};
		2CE20298291CA6A30059F5BA /* Sources */ = {
			isa = PBXSourcesBuildPhase;
			buildActionMask = 2147483647;
			files = (
				2CE202A1291CA6A30059F5BA /* Interesnee_iOSTests.swift in Sources */,
			);
			runOnlyForDeploymentPostprocessing = 0;
		};
		2CE202A2291CA6A30059F5BA /* Sources */ = {
			isa = PBXSourcesBuildPhase;
			buildActionMask = 2147483647;
			files = (
				2CE202AD291CA6A30059F5BA /* Interesnee_iOSUITestsLaunchTests.swift in Sources */,
				2CE202AB291CA6A30059F5BA /* Interesnee_iOSUITests.swift in Sources */,
			);
			runOnlyForDeploymentPostprocessing = 0;
		};
/* End PBXSourcesBuildPhase section */

/* Begin PBXTargetDependency section */
		2CE2029E291CA6A30059F5BA /* PBXTargetDependency */ = {
			isa = PBXTargetDependency;
			target = 2CE20285291CA6A10059F5BA /* Interesnee-iOS */;
			targetProxy = 2CE2029D291CA6A30059F5BA /* PBXContainerItemProxy */;
		};
		2CE202A8291CA6A30059F5BA /* PBXTargetDependency */ = {
			isa = PBXTargetDependency;
			target = 2CE20285291CA6A10059F5BA /* Interesnee-iOS */;
			targetProxy = 2CE202A7291CA6A30059F5BA /* PBXContainerItemProxy */;
		};
/* End PBXTargetDependency section */

/* Begin PBXVariantGroup section */
		2CE2028F291CA6A10059F5BA /* Main.storyboard */ = {
			isa = PBXVariantGroup;
			children = (
				2CE20290291CA6A10059F5BA /* Base */,
			);
			name = Main.storyboard;
			sourceTree = "<group>";
		};
		2CE20294291CA6A20059F5BA /* LaunchScreen.storyboard */ = {
			isa = PBXVariantGroup;
			children = (
				2CE20295291CA6A20059F5BA /* Base */,
			);
			name = LaunchScreen.storyboard;
			sourceTree = "<group>";
		};
/* End PBXVariantGroup section */

/* Begin XCBuildConfiguration section */
		2CE202AE291CA6A30059F5BA /* Debug */ = {
			isa = XCBuildConfiguration;
			buildSettings = {
				ALWAYS_SEARCH_USER_PATHS = NO;
				CLANG_ANALYZER_NONNULL = YES;
				CLANG_ANALYZER_NUMBER_OBJECT_CONVERSION = YES_AGGRESSIVE;
				CLANG_CXX_LANGUAGE_STANDARD = "gnu++20";
				CLANG_ENABLE_MODULES = YES;
				CLANG_ENABLE_OBJC_ARC = YES;
				CLANG_ENABLE_OBJC_WEAK = YES;
				CLANG_WARN_BLOCK_CAPTURE_AUTORELEASING = YES;
				CLANG_WARN_BOOL_CONVERSION = YES;
				CLANG_WARN_COMMA = YES;
				CLANG_WARN_CONSTANT_CONVERSION = YES;
				CLANG_WARN_DEPRECATED_OBJC_IMPLEMENTATIONS = YES;
				CLANG_WARN_DIRECT_OBJC_ISA_USAGE = YES_ERROR;
				CLANG_WARN_DOCUMENTATION_COMMENTS = YES;
				CLANG_WARN_EMPTY_BODY = YES;
				CLANG_WARN_ENUM_CONVERSION = YES;
				CLANG_WARN_INFINITE_RECURSION = YES;
				CLANG_WARN_INT_CONVERSION = YES;
				CLANG_WARN_NON_LITERAL_NULL_CONVERSION = YES;
				CLANG_WARN_OBJC_IMPLICIT_RETAIN_SELF = YES;
				CLANG_WARN_OBJC_LITERAL_CONVERSION = YES;
				CLANG_WARN_OBJC_ROOT_CLASS = YES_ERROR;
				CLANG_WARN_QUOTED_INCLUDE_IN_FRAMEWORK_HEADER = YES;
				CLANG_WARN_RANGE_LOOP_ANALYSIS = YES;
				CLANG_WARN_STRICT_PROTOTYPES = YES;
				CLANG_WARN_SUSPICIOUS_MOVE = YES;
				CLANG_WARN_UNGUARDED_AVAILABILITY = YES_AGGRESSIVE;
				CLANG_WARN_UNREACHABLE_CODE = YES;
				CLANG_WARN__DUPLICATE_METHOD_MATCH = YES;
				COPY_PHASE_STRIP = NO;
				DEBUG_INFORMATION_FORMAT = dwarf;
				ENABLE_STRICT_OBJC_MSGSEND = YES;
				ENABLE_TESTABILITY = YES;
				GCC_C_LANGUAGE_STANDARD = gnu11;
				GCC_DYNAMIC_NO_PIC = NO;
				GCC_NO_COMMON_BLOCKS = YES;
				GCC_OPTIMIZATION_LEVEL = 0;
				GCC_PREPROCESSOR_DEFINITIONS = (
					"DEBUG=1",
					"$(inherited)",
				);
				GCC_WARN_64_TO_32_BIT_CONVERSION = YES;
				GCC_WARN_ABOUT_RETURN_TYPE = YES_ERROR;
				GCC_WARN_UNDECLARED_SELECTOR = YES;
				GCC_WARN_UNINITIALIZED_AUTOS = YES_AGGRESSIVE;
				GCC_WARN_UNUSED_FUNCTION = YES;
				GCC_WARN_UNUSED_VARIABLE = YES;
				IPHONEOS_DEPLOYMENT_TARGET = 16.0;
				MTL_ENABLE_DEBUG_INFO = INCLUDE_SOURCE;
				MTL_FAST_MATH = YES;
				ONLY_ACTIVE_ARCH = YES;
				SDKROOT = iphoneos;
				SWIFT_ACTIVE_COMPILATION_CONDITIONS = DEBUG;
				SWIFT_OPTIMIZATION_LEVEL = "-Onone";
			};
			name = Debug;
		};
		2CE202AF291CA6A30059F5BA /* Release */ = {
			isa = XCBuildConfiguration;
			buildSettings = {
				ALWAYS_SEARCH_USER_PATHS = NO;
				CLANG_ANALYZER_NONNULL = YES;
				CLANG_ANALYZER_NUMBER_OBJECT_CONVERSION = YES_AGGRESSIVE;
				CLANG_CXX_LANGUAGE_STANDARD = "gnu++20";
				CLANG_ENABLE_MODULES = YES;
				CLANG_ENABLE_OBJC_ARC = YES;
				CLANG_ENABLE_OBJC_WEAK = YES;
				CLANG_WARN_BLOCK_CAPTURE_AUTORELEASING = YES;
				CLANG_WARN_BOOL_CONVERSION = YES;
				CLANG_WARN_COMMA = YES;
				CLANG_WARN_CONSTANT_CONVERSION = YES;
				CLANG_WARN_DEPRECATED_OBJC_IMPLEMENTATIONS = YES;
				CLANG_WARN_DIRECT_OBJC_ISA_USAGE = YES_ERROR;
				CLANG_WARN_DOCUMENTATION_COMMENTS = YES;
				CLANG_WARN_EMPTY_BODY = YES;
				CLANG_WARN_ENUM_CONVERSION = YES;
				CLANG_WARN_INFINITE_RECURSION = YES;
				CLANG_WARN_INT_CONVERSION = YES;
				CLANG_WARN_NON_LITERAL_NULL_CONVERSION = YES;
				CLANG_WARN_OBJC_IMPLICIT_RETAIN_SELF = YES;
				CLANG_WARN_OBJC_LITERAL_CONVERSION = YES;
				CLANG_WARN_OBJC_ROOT_CLASS = YES_ERROR;
				CLANG_WARN_QUOTED_INCLUDE_IN_FRAMEWORK_HEADER = YES;
				CLANG_WARN_RANGE_LOOP_ANALYSIS = YES;
				CLANG_WARN_STRICT_PROTOTYPES = YES;
				CLANG_WARN_SUSPICIOUS_MOVE = YES;
				CLANG_WARN_UNGUARDED_AVAILABILITY = YES_AGGRESSIVE;
				CLANG_WARN_UNREACHABLE_CODE = YES;
				CLANG_WARN__DUPLICATE_METHOD_MATCH = YES;
				COPY_PHASE_STRIP = NO;
				DEBUG_INFORMATION_FORMAT = "dwarf-with-dsym";
				ENABLE_NS_ASSERTIONS = NO;
				ENABLE_STRICT_OBJC_MSGSEND = YES;
				GCC_C_LANGUAGE_STANDARD = gnu11;
				GCC_NO_COMMON_BLOCKS = YES;
				GCC_WARN_64_TO_32_BIT_CONVERSION = YES;
				GCC_WARN_ABOUT_RETURN_TYPE = YES_ERROR;
				GCC_WARN_UNDECLARED_SELECTOR = YES;
				GCC_WARN_UNINITIALIZED_AUTOS = YES_AGGRESSIVE;
				GCC_WARN_UNUSED_FUNCTION = YES;
				GCC_WARN_UNUSED_VARIABLE = YES;
				IPHONEOS_DEPLOYMENT_TARGET = 16.0;
				MTL_ENABLE_DEBUG_INFO = NO;
				MTL_FAST_MATH = YES;
				SDKROOT = iphoneos;
				SWIFT_COMPILATION_MODE = wholemodule;
				SWIFT_OPTIMIZATION_LEVEL = "-O";
				VALIDATE_PRODUCT = YES;
			};
			name = Release;
		};
		2CE202B1291CA6A30059F5BA /* Debug */ = {
			isa = XCBuildConfiguration;
			baseConfigurationReference = D8DEF228B13C724B701E5228 /* Pods-Interesnee-iOS.debug.xcconfig */;
			buildSettings = {
				ASSETCATALOG_COMPILER_APPICON_NAME = AppIcon;
				ASSETCATALOG_COMPILER_GLOBAL_ACCENT_COLOR_NAME = AccentColor;
				CODE_SIGN_STYLE = Automatic;
				CURRENT_PROJECT_VERSION = 1;
				DEVELOPMENT_TEAM = DGPS8L6H52;
				GENERATE_INFOPLIST_FILE = YES;
				INFOPLIST_FILE = "Interesnee-iOS/Info.plist";
				INFOPLIST_KEY_UIApplicationSupportsIndirectInputEvents = YES;
				INFOPLIST_KEY_UILaunchStoryboardName = LaunchScreen;
				INFOPLIST_KEY_UIMainStoryboardFile = Main;
				INFOPLIST_KEY_UISupportedInterfaceOrientations = UIInterfaceOrientationPortrait;
				INFOPLIST_KEY_UISupportedInterfaceOrientations_iPad = "UIInterfaceOrientationLandscapeLeft UIInterfaceOrientationLandscapeRight UIInterfaceOrientationPortrait UIInterfaceOrientationPortraitUpsideDown";
				IPHONEOS_DEPLOYMENT_TARGET = 13.0;
				LD_RUNPATH_SEARCH_PATHS = (
					"$(inherited)",
					"@executable_path/Frameworks",
				);
				MARKETING_VERSION = 1.0;
				PRODUCT_BUNDLE_IDENTIFIER = "com.orbly.Interesnee-iOS";
				PRODUCT_NAME = "$(TARGET_NAME)";
				SWIFT_EMIT_LOC_STRINGS = YES;
				SWIFT_VERSION = 5.0;
				TARGETED_DEVICE_FAMILY = "1,2";
			};
			name = Debug;
		};
		2CE202B2291CA6A30059F5BA /* Release */ = {
			isa = XCBuildConfiguration;
			baseConfigurationReference = C264F15309816C45A8F21C0B /* Pods-Interesnee-iOS.release.xcconfig */;
			buildSettings = {
				ASSETCATALOG_COMPILER_APPICON_NAME = AppIcon;
				ASSETCATALOG_COMPILER_GLOBAL_ACCENT_COLOR_NAME = AccentColor;
				CODE_SIGN_STYLE = Automatic;
				CURRENT_PROJECT_VERSION = 1;
				DEVELOPMENT_TEAM = DGPS8L6H52;
				GENERATE_INFOPLIST_FILE = YES;
				INFOPLIST_FILE = "Interesnee-iOS/Info.plist";
				INFOPLIST_KEY_UIApplicationSupportsIndirectInputEvents = YES;
				INFOPLIST_KEY_UILaunchStoryboardName = LaunchScreen;
				INFOPLIST_KEY_UIMainStoryboardFile = Main;
				INFOPLIST_KEY_UISupportedInterfaceOrientations = UIInterfaceOrientationPortrait;
				INFOPLIST_KEY_UISupportedInterfaceOrientations_iPad = "UIInterfaceOrientationLandscapeLeft UIInterfaceOrientationLandscapeRight UIInterfaceOrientationPortrait UIInterfaceOrientationPortraitUpsideDown";
				IPHONEOS_DEPLOYMENT_TARGET = 13.0;
				LD_RUNPATH_SEARCH_PATHS = (
					"$(inherited)",
					"@executable_path/Frameworks",
				);
				MARKETING_VERSION = 1.0;
				PRODUCT_BUNDLE_IDENTIFIER = "com.orbly.Interesnee-iOS";
				PRODUCT_NAME = "$(TARGET_NAME)";
				SWIFT_EMIT_LOC_STRINGS = YES;
				SWIFT_VERSION = 5.0;
				TARGETED_DEVICE_FAMILY = "1,2";
			};
			name = Release;
		};
		2CE202B4291CA6A30059F5BA /* Debug */ = {
			isa = XCBuildConfiguration;
			baseConfigurationReference = F4260228C100E96EA1807FAE /* Pods-Interesnee-iOSTests.debug.xcconfig */;
			buildSettings = {
				ALWAYS_EMBED_SWIFT_STANDARD_LIBRARIES = YES;
				BUNDLE_LOADER = "$(TEST_HOST)";
				CODE_SIGN_STYLE = Automatic;
				CURRENT_PROJECT_VERSION = 1;
				DEVELOPMENT_TEAM = DGPS8L6H52;
				GENERATE_INFOPLIST_FILE = YES;
				IPHONEOS_DEPLOYMENT_TARGET = 16.0;
				MARKETING_VERSION = 1.0;
				PRODUCT_BUNDLE_IDENTIFIER = "com.orbly.Interesnee-iOSTests";
				PRODUCT_NAME = "$(TARGET_NAME)";
				SWIFT_EMIT_LOC_STRINGS = NO;
				SWIFT_VERSION = 5.0;
				TARGETED_DEVICE_FAMILY = "1,2";
				TEST_HOST = "$(BUILT_PRODUCTS_DIR)/Interesnee-iOS.app/$(BUNDLE_EXECUTABLE_FOLDER_PATH)/Interesnee-iOS";
			};
			name = Debug;
		};
		2CE202B5291CA6A30059F5BA /* Release */ = {
			isa = XCBuildConfiguration;
			baseConfigurationReference = 4B2A1168A46D34ED92751D0C /* Pods-Interesnee-iOSTests.release.xcconfig */;
			buildSettings = {
				ALWAYS_EMBED_SWIFT_STANDARD_LIBRARIES = YES;
				BUNDLE_LOADER = "$(TEST_HOST)";
				CODE_SIGN_STYLE = Automatic;
				CURRENT_PROJECT_VERSION = 1;
				DEVELOPMENT_TEAM = DGPS8L6H52;
				GENERATE_INFOPLIST_FILE = YES;
				IPHONEOS_DEPLOYMENT_TARGET = 16.0;
				MARKETING_VERSION = 1.0;
				PRODUCT_BUNDLE_IDENTIFIER = "com.orbly.Interesnee-iOSTests";
				PRODUCT_NAME = "$(TARGET_NAME)";
				SWIFT_EMIT_LOC_STRINGS = NO;
				SWIFT_VERSION = 5.0;
				TARGETED_DEVICE_FAMILY = "1,2";
				TEST_HOST = "$(BUILT_PRODUCTS_DIR)/Interesnee-iOS.app/$(BUNDLE_EXECUTABLE_FOLDER_PATH)/Interesnee-iOS";
			};
			name = Release;
		};
		2CE202B7291CA6A30059F5BA /* Debug */ = {
			isa = XCBuildConfiguration;
			baseConfigurationReference = D6924907FF69B2D4FB934A64 /* Pods-Interesnee-iOS-Interesnee-iOSUITests.debug.xcconfig */;
			buildSettings = {
				ALWAYS_EMBED_SWIFT_STANDARD_LIBRARIES = YES;
				CODE_SIGN_STYLE = Automatic;
				CURRENT_PROJECT_VERSION = 1;
				DEVELOPMENT_TEAM = DGPS8L6H52;
				GENERATE_INFOPLIST_FILE = YES;
				MARKETING_VERSION = 1.0;
				PRODUCT_BUNDLE_IDENTIFIER = "com.orbly.Interesnee-iOSUITests";
				PRODUCT_NAME = "$(TARGET_NAME)";
				SWIFT_EMIT_LOC_STRINGS = NO;
				SWIFT_VERSION = 5.0;
				TARGETED_DEVICE_FAMILY = "1,2";
				TEST_TARGET_NAME = "Interesnee-iOS";
			};
			name = Debug;
		};
		2CE202B8291CA6A30059F5BA /* Release */ = {
			isa = XCBuildConfiguration;
			baseConfigurationReference = B37E33DA7FE687EBE86BB4DC /* Pods-Interesnee-iOS-Interesnee-iOSUITests.release.xcconfig */;
			buildSettings = {
				ALWAYS_EMBED_SWIFT_STANDARD_LIBRARIES = YES;
				CODE_SIGN_STYLE = Automatic;
				CURRENT_PROJECT_VERSION = 1;
				DEVELOPMENT_TEAM = DGPS8L6H52;
				GENERATE_INFOPLIST_FILE = YES;
				MARKETING_VERSION = 1.0;
				PRODUCT_BUNDLE_IDENTIFIER = "com.orbly.Interesnee-iOSUITests";
				PRODUCT_NAME = "$(TARGET_NAME)";
				SWIFT_EMIT_LOC_STRINGS = NO;
				SWIFT_VERSION = 5.0;
				TARGETED_DEVICE_FAMILY = "1,2";
				TEST_TARGET_NAME = "Interesnee-iOS";
			};
			name = Release;
		};
/* End XCBuildConfiguration section */

/* Begin XCConfigurationList section */
		2CE20281291CA6A10059F5BA /* Build configuration list for PBXProject "Interesnee-iOS" */ = {
			isa = XCConfigurationList;
			buildConfigurations = (
				2CE202AE291CA6A30059F5BA /* Debug */,
				2CE202AF291CA6A30059F5BA /* Release */,
			);
			defaultConfigurationIsVisible = 0;
			defaultConfigurationName = Release;
		};
		2CE202B0291CA6A30059F5BA /* Build configuration list for PBXNativeTarget "Interesnee-iOS" */ = {
			isa = XCConfigurationList;
			buildConfigurations = (
				2CE202B1291CA6A30059F5BA /* Debug */,
				2CE202B2291CA6A30059F5BA /* Release */,
			);
			defaultConfigurationIsVisible = 0;
			defaultConfigurationName = Release;
		};
		2CE202B3291CA6A30059F5BA /* Build configuration list for PBXNativeTarget "Interesnee-iOSTests" */ = {
			isa = XCConfigurationList;
			buildConfigurations = (
				2CE202B4291CA6A30059F5BA /* Debug */,
				2CE202B5291CA6A30059F5BA /* Release */,
			);
			defaultConfigurationIsVisible = 0;
			defaultConfigurationName = Release;
		};
		2CE202B6291CA6A30059F5BA /* Build configuration list for PBXNativeTarget "Interesnee-iOSUITests" */ = {
			isa = XCConfigurationList;
			buildConfigurations = (
				2CE202B7291CA6A30059F5BA /* Debug */,
				2CE202B8291CA6A30059F5BA /* Release */,
			);
			defaultConfigurationIsVisible = 0;
			defaultConfigurationName = Release;
		};
/* End XCConfigurationList section */
	};
	rootObject = 2CE2027E291CA6A10059F5BA /* Project object */;
}
